
Microsoft Visual Studio Solution File, Format Version 12.00
# Visual Studio 15
VisualStudioVersion = 15.0.27703.2035
MinimumVisualStudioVersion = 10.0.40219.1
Project("{FAE04EC0-301F-11D3-BF4B-00C04F79EFBC}") = "ShopApp", "ConsoleApp1\ShopApp.csproj", "{6629FDCB-1D4E-447E-AA91-DC85F4DE0CD7}"
EndProject
Global
	GlobalSection(SolutionConfigurationPlatforms) = preSolution
		Debug|Any CPU = Debug|Any CPU
		Release|Any CPU = Release|Any CPU
	EndGlobalSection
	GlobalSection(ProjectConfigurationPlatforms) = postSolution
		{6629FDCB-1D4E-447E-AA91-DC85F4DE0CD7}.Debug|Any CPU.ActiveCfg = Debug|Any CPU
		{6629FDCB-1D4E-447E-AA91-DC85F4DE0CD7}.Debug|Any CPU.Build.0 = Debug|Any CPU
		{6629FDCB-1D4E-447E-AA91-DC85F4DE0CD7}.Release|Any CPU.ActiveCfg = Release|Any CPU
		{6629FDCB-1D4E-447E-AA91-DC85F4DE0CD7}.Release|Any CPU.Build.0 = Release|Any CPU
	EndGlobalSection
	GlobalSection(SolutionProperties) = preSolution
		HideSolutionNode = FALSE
	EndGlobalSection
	GlobalSection(ExtensibilityGlobals) = postSolution
		SolutionGuid = {F7233EBA-26F8-4FAA-8F92-8957B0C5AE5C}
	EndGlobalSection
EndGlobal
